{
  "name": "osu-coach-calculator",
  "version": "1.0.0",
  "lockfileVersion": 3,
  "requires": true,
  "packages": {
    "": {
      "name": "osu-coach-calculator",
      "version": "1.0.0",
      "dependencies": {
        "@tosuapp/lazer-calculator-prebuilt": "0.6.1-20260729-main.0"
      }
    },
    "node_modules/@tosuapp/lazer-calculator-linux-x64": {
      "version": "0.6.1-20260729-main.0",
      "resolved": "https://registry.npmjs.org/@tosuapp/lazer-calculator-linux-x64/-/lazer-calculator-linux-x64-0.6.1-20260729-main.0.tgz",
      "integrity": "sha512-z6JQt9Y2Gp3DqA2UWjOhaiZQVWQ1kDPJx10e3n6+NcUKgw8YwsKrTWFfgs7lmiVDiE0YBxtxfWRxZpyRpnofcQ==",
      "cpu": [
        "x64"
      ],
      "optional": true,
      "os": [
        "linux"
      ]
    },
    "node_modules/@tosuapp/lazer-calculator-prebuilt": {
      "version": "0.6.1-20260729-main.0",
      "resolved": "https://registry.npmjs.org/@tosuapp/lazer-calculator-prebuilt/-/lazer-calculator-prebuilt-0.6.1-20260729-main.0.tgz",
      "integrity": "sha512-ymhZSBU/SZuMGD+4j35AcngBhFhjJWvokhfTWbFTYE8hAX2xVGFIsh1rhBoZvqY95yTdnVjFay/qMMsjZLVZng==",
      "cpu": [
        "x64"
      ],
      "os": [
        "win32",
        "linux"
      ],
      "optionalDependencies": {
        "@tosuapp/lazer-calculator-linux-x64": "0.6.1-20260729-main.0",
        "@tosuapp/lazer-calculator-win32-x64": "0.6.1-20260729-main.0"
      }
    },
    "node_modules/@tosuapp/lazer-calculator-win32-x64": {
      "version": "0.6.1-20260729-main.0",
      "resolved": "https://registry.npmjs.org/@tosuapp/lazer-calculator-win32-x64/-/lazer-calculator-win32-x64-0.6.1-20260729-main.0.tgz",
      "integrity": "sha512-HhWNJuhFEDk5InEZLD63hQIMfP5qnBGF4V2pPiL/FsAxcNLgY8PjsqxrwhOGy9c8secwLqI+F/OxLYCoBPmXVA==",
      "cpu": [
        "x64"
      ],
      "optional": true,
      "os": [
        "win32"
      ]
    }
  }
}
